
Microsoft Visual Studio Solution File, Format Version 12.00
# Visual Studio 15
VisualStudioVersion = 15.0.28307.168
MinimumVisualStudioVersion = 10.0.40219.1
Project("{FAE04EC0-301F-11D3-BF4B-00C04F79EFBC}") = "wEEK5_1", "wEEK5_1\wEEK5_1.csproj", "{A2C9AF79-41C2-40ED-ACB0-31D981EE9AAD}"
EndProject
Global
	GlobalSection(SolutionConfigurationPlatforms) = preSolution
		Debug|Any CPU = Debug|Any CPU
		Release|Any CPU = Release|Any CPU
	EndGlobalSection
	GlobalSection(ProjectConfigurationPlatforms) = postSolution
		{A2C9AF79-41C2-40ED-ACB0-31D981EE9AAD}.Debug|Any CPU.ActiveCfg = Debug|Any CPU
		{A2C9AF79-41C2-40ED-ACB0-31D981EE9AAD}.Debug|Any CPU.Build.0 = Debug|Any CPU
		{A2C9AF79-41C2-40ED-ACB0-31D981EE9AAD}.Release|Any CPU.ActiveCfg = Release|Any CPU
		{A2C9AF79-41C2-40ED-ACB0-31D981EE9AAD}.Release|Any CPU.Build.0 = Release|Any CPU
	EndGlobalSection
	GlobalSection(SolutionProperties) = preSolution
		HideSolutionNode = FALSE
	EndGlobalSection
	GlobalSection(ExtensibilityGlobals) = postSolution
		SolutionGuid = {2BB6C7AE-A3BA-4FF5-B834-B43684E012B8}
	EndGlobalSection
EndGlobal
